
Microsoft Visual Studio Solution File, Format Version 12.00
# Visual Studio Version 16
VisualStudioVersion = 16.0.29709.97
MinimumVisualStudioVersion = 10.0.40219.1
Project("{FAE04EC0-301F-11D3-BF4B-00C04F79EFBC}") = "test", "test\test.csproj", "{A9585099-575B-4495-9031-FFDDBFA2ACA2}"
EndProject
Global
	GlobalSection(SolutionConfigurationPlatforms) = preSolution
		Debug|Any CPU = Debug|Any CPU
		Release|Any CPU = Release|Any CPU
	EndGlobalSection
	GlobalSection(ProjectConfigurationPlatforms) = postSolution
		{A9585099-575B-4495-9031-FFDDBFA2ACA2}.Debug|Any CPU.ActiveCfg = Debug|Any CPU
		{A9585099-575B-4495-9031-FFDDBFA2ACA2}.Debug|Any CPU.Build.0 = Debug|Any CPU
		{A9585099-575B-4495-9031-FFDDBFA2ACA2}.Release|Any CPU.ActiveCfg = Release|Any CPU
		{A9585099-575B-4495-9031-FFDDBFA2ACA2}.Release|Any CPU.Build.0 = Release|Any CPU
	EndGlobalSection
	GlobalSection(SolutionProperties) = preSolution
		HideSolutionNode = FALSE
	EndGlobalSection
	GlobalSection(ExtensibilityGlobals) = postSolution
		SolutionGuid = {26D000D3-D415-4B71-81E6-6D9B820F7030}
	EndGlobalSection
EndGlobal
